
Microsoft Visual Studio Solution File, Format Version 12.00
# Visual Studio Version 16
VisualStudioVersion = 16.0.31702.278
MinimumVisualStudioVersion = 10.0.40219.1
Project("{FAE04EC0-301F-11D3-BF4B-00C04F79EFBC}") = "WinFormsApp1", "WinFormsApp1\WinFormsApp1.csproj", "{A76AD77E-5871-4096-BBC4-D65E72268AB4}"
EndProject
Global
	GlobalSection(SolutionConfigurationPlatforms) = preSolution
		Debug|Any CPU = Debug|Any CPU
		Release|Any CPU = Release|Any CPU
	EndGlobalSection
	GlobalSection(ProjectConfigurationPlatforms) = postSolution
		{A76AD77E-5871-4096-BBC4-D65E72268AB4}.Debug|Any CPU.ActiveCfg = Debug|Any CPU
		{A76AD77E-5871-4096-BBC4-D65E72268AB4}.Debug|Any CPU.Build.0 = Debug|Any CPU
		{A76AD77E-5871-4096-BBC4-D65E72268AB4}.Release|Any CPU.ActiveCfg = Release|Any CPU
		{A76AD77E-5871-4096-BBC4-D65E72268AB4}.Release|Any CPU.Build.0 = Release|Any CPU
	EndGlobalSection
	GlobalSection(SolutionProperties) = preSolution
		HideSolutionNode = FALSE
	EndGlobalSection
	GlobalSection(ExtensibilityGlobals) = postSolution
		SolutionGuid = {E1CC36A0-255F-4A47-9BC5-8DAB78F12379}
	EndGlobalSection
EndGlobal
